
Microsoft Visual Studio Solution File, Format Version 12.00
# Visual Studio Version 17
VisualStudioVersion = 17.10.35013.160
MinimumVisualStudioVersion = 10.0.40219.1
Project("{FAE04EC0-301F-11D3-BF4B-00C04F79EFBC}") = "MyRusLexicon", "MyRusLexicon\MyRusLexicon.csproj", "{FF5402B1-0535-4DEF-8617-E03E33B0A089}"
EndProject
Global
	GlobalSection(SolutionConfigurationPlatforms) = preSolution
		Debug|Any CPU = Debug|Any CPU
		Release|Any CPU = Release|Any CPU
	EndGlobalSection
	GlobalSection(ProjectConfigurationPlatforms) = postSolution
		{FF5402B1-0535-4DEF-8617-E03E33B0A089}.Debug|Any CPU.ActiveCfg = Debug|Any CPU
		{FF5402B1-0535-4DEF-8617-E03E33B0A089}.Debug|Any CPU.Build.0 = Debug|Any CPU
		{FF5402B1-0535-4DEF-8617-E03E33B0A089}.Release|Any CPU.ActiveCfg = Release|Any CPU
		{FF5402B1-0535-4DEF-8617-E03E33B0A089}.Release|Any CPU.Build.0 = Release|Any CPU
	EndGlobalSection
	GlobalSection(SolutionProperties) = preSolution
		HideSolutionNode = FALSE
	EndGlobalSection
	GlobalSection(ExtensibilityGlobals) = postSolution
		SolutionGuid = {F3956323-099F-4D53-9859-E92CFEAFCA6A}
	EndGlobalSection
EndGlobal
